// !$*UTF8*$!
{
	archiveVersion = 1;
	classes = {
	};
	objectVersion = 46;
	objects = {

/* Begin PBXBuildFile section */
		81A6D022149CBC0100D0714A /* AFHTTPClient.m in Sources */ = {isa = PBXBuildFile; fileRef = 81A6D013149CBC0100D0714A /* AFHTTPClient.m */; };
		81A6D023149CBC0100D0714A /* AFHTTPRequestOperation.m in Sources */ = {isa = PBXBuildFile; fileRef = 81A6D015149CBC0100D0714A /* AFHTTPRequestOperation.m */; };
		81A6D024149CBC0100D0714A /* AFImageCache.m in Sources */ = {isa = PBXBuildFile; fileRef = 81A6D017149CBC0100D0714A /* AFImageCache.m */; };
		81A6D025149CBC0100D0714A /* AFImageRequestOperation.m in Sources */ = {isa = PBXBuildFile; fileRef = 81A6D019149CBC0100D0714A /* AFImageRequestOperation.m */; };
		81A6D026149CBC0100D0714A /* AFJSONRequestOperation.m in Sources */ = {isa = PBXBuildFile; fileRef = 81A6D01B149CBC0100D0714A /* AFJSONRequestOperation.m */; };
		81A6D027149CBC0100D0714A /* AFNetworkActivityIndicatorManager.m in Sources */ = {isa = PBXBuildFile; fileRef = 81A6D01D149CBC0100D0714A /* AFNetworkActivityIndicatorManager.m */; };
		81A6D029149CBC0100D0714A /* BSJSONRequestOperation.m in Sources */ = {isa = PBXBuildFile; fileRef = 81A6D021149CBC0100D0714A /* BSJSONRequestOperation.m */; };
		81A6D02D149CC84000D0714A /* JSONKit.m in Sources */ = {isa = PBXBuildFile; fileRef = 81A6D02C149CC84000D0714A /* JSONKit.m */; };
		81A6D032149CC8BD00D0714A /* Reachability.m in Sources */ = {isa = PBXBuildFile; fileRef = 81A6D031149CC8BD00D0714A /* Reachability.m */; };
		81A6D034149CC98F00D0714A /* CFNetwork.framework in Frameworks */ = {isa = PBXBuildFile; fileRef = 81A6D033149CC98F00D0714A /* CFNetwork.framework */; };
		81A6D03B149CD58100D0714A /* ColorfulButton.m in Sources */ = {isa = PBXBuildFile; fileRef = 81A6D03A149CD58100D0714A /* ColorfulButton.m */; };
		81A6D04C149D153700D0714A /* CountriesList.json in Resources */ = {isa = PBXBuildFile; fileRef = 81A6D04B149D153700D0714A /* CountriesList.json */; };
		81A6D08D149E296200D0714A /* Advice.m in Sources */ = {isa = PBXBuildFile; fileRef = 81A6D08C149E296200D0714A /* Advice.m */; };
		81A6D090149E2A6500D0714A /* User.m in Sources */ = {isa = PBXBuildFile; fileRef = 81A6D08F149E2A6500D0714A /* User.m */; };
		81A6D096149E2A6500D0714A /* Country.m in Sources */ = {isa = PBXBuildFile; fileRef = 81A6D095149E2A6500D0714A /* Country.m */; };
		81A6D099149E2A6500D0714A /* Requirement.m in Sources */ = {isa = PBXBuildFile; fileRef = 81A6D098149E2A6500D0714A /* Requirement.m */; };
		81A6D09C149E3DC000D0714A /* MyPinAnnotation.m in Sources */ = {isa = PBXBuildFile; fileRef = 81A6D09B149E3DC000D0714A /* MyPinAnnotation.m */; };
		81A6D09E149E3E2200D0714A /* MapKit.framework in Frameworks */ = {isa = PBXBuildFile; fileRef = 81A6D09D149E3E2200D0714A /* MapKit.framework */; };
		81A6D0A4149E43A800D0714A /* Consulate.m in Sources */ = {isa = PBXBuildFile; fileRef = 81A6D0A3149E43A800D0714A /* Consulate.m */; };
		A08627F514A361FA0075D4BE /* MainViewController.m in Sources */ = {isa = PBXBuildFile; fileRef = A08627F414A361FA0075D4BE /* MainViewController.m */; };
		A086280114A3711B0075D4BE /* maibBg.png in Resources */ = {isa = PBXBuildFile; fileRef = A08627FF14A3711B0075D4BE /* maibBg.png */; };
		A086280214A3711B0075D4BE /* maibBg@2x.png in Resources */ = {isa = PBXBuildFile; fileRef = A086280014A3711B0075D4BE /* maibBg@2x.png */; };
		A0CBED00149DEBA2000C1A6F /* CountriesList2.json in Resources */ = {isa = PBXBuildFile; fileRef = A0CBECFF149DEBA2000C1A6F /* CountriesList2.json */; };
		A0CBED34149DFCD0000C1A6F /* at.png in Resources */ = {isa = PBXBuildFile; fileRef = A0CBED0C149DFCD0000C1A6F /* at.png */; };
		A0CBED35149DFCD0000C1A6F /* at@2x.png in Resources */ = {isa = PBXBuildFile; fileRef = A0CBED0D149DFCD0000C1A6F /* at@2x.png */; };
		A0CBED36149DFCD0000C1A6F /* be.png in Resources */ = {isa = PBXBuildFile; fileRef = A0CBED0E149DFCD0000C1A6F /* be.png */; };
		A0CBED37149DFCD0000C1A6F /* be@2x.png in Resources */ = {isa = PBXBuildFile; fileRef = A0CBED0F149DFCD0000C1A6F /* be@2x.png */; };
		A0CBED38149DFCD0000C1A6F /* by.png in Resources */ = {isa = PBXBuildFile; fileRef = A0CBED10149DFCD0000C1A6F /* by.png */; };
		A0CBED39149DFCD0000C1A6F /* by@2x.png in Resources */ = {isa = PBXBuildFile; fileRef = A0CBED11149DFCD0000C1A6F /* by@2x.png */; };
		A0CBED3A149DFCD0000C1A6F /* cs.png in Resources */ = {isa = PBXBuildFile; fileRef = A0CBED12149DFCD0000C1A6F /* cs.png */; };
		A0CBED3B149DFCD0000C1A6F /* cs@2x.png in Resources */ = {isa = PBXBuildFile; fileRef = A0CBED13149DFCD0000C1A6F /* cs@2x.png */; };
		A0CBED3C149DFCD0000C1A6F /* cz.png in Resources */ = {isa = PBXBuildFile; fileRef = A0CBED14149DFCD0000C1A6F /* cz.png */; };
		A0CBED3D149DFCD0000C1A6F /* cz@2x.png in Resources */ = {isa = PBXBuildFile; fileRef = A0CBED15149DFCD0000C1A6F /* cz@2x.png */; };
		A0CBED3E149DFCD0000C1A6F /* de.png in Resources */ = {isa = PBXBuildFile; fileRef = A0CBED16149DFCD0000C1A6F /* de.png */; };
		A0CBED3F149DFCD0000C1A6F /* de@2x.png in Resources */ = {isa = PBXBuildFile; fileRef = A0CBED17149DFCD0000C1A6F /* de@2x.png */; };
		A0CBED40149DFCD0000C1A6F /* ee.png in Resources */ = {isa = PBXBuildFile; fileRef = A0CBED18149DFCD0000C1A6F /* ee.png */; };
		A0CBED41149DFCD0000C1A6F /* ee@2x.png in Resources */ = {isa = PBXBuildFile; fileRef = A0CBED19149DFCD0000C1A6F /* ee@2x.png */; };
		A0CBED42149DFCD0000C1A6F /* eg.png in Resources */ = {isa = PBXBuildFile; fileRef = A0CBED1A149DFCD0000C1A6F /* eg.png */; };
		A0CBED43149DFCD0000C1A6F /* eg@2x.png in Resources */ = {isa = PBXBuildFile; fileRef = A0CBED1B149DFCD0000C1A6F /* eg@2x.png */; };
		A0CBED44149DFCD0000C1A6F /* es.png in Resources */ = {isa = PBXBuildFile; fileRef = A0CBED1C149DFCD0000C1A6F /* es.png */; };
		A0CBED45149DFCD0000C1A6F /* es@2x.png in Resources */ = {isa = PBXBuildFile; fileRef = A0CBED1D149DFCD0000C1A6F /* es@2x.png */; };
		A0CBED46149DFCD0000C1A6F /* fr.png in Resources */ = {isa = PBXBuildFile; fileRef = A0CBED1E149DFCD0000C1A6F /* fr.png */; };
		A0CBED47149DFCD0000C1A6F /* fr@2x.png in Resources */ = {isa = PBXBuildFile; fileRef = A0CBED1F149DFCD0000C1A6F /* fr@2x.png */; };
		A0CBED48149DFCD0000C1A6F /* gb.PNG in Resources */ = {isa = PBXBuildFile; fileRef = A0CBED20149DFCD0000C1A6F /* gb.PNG */; };
		A0CBED49149DFCD0000C1A6F /* gb@2x.PNG in Resources */ = {isa = PBXBuildFile; fileRef = A0CBED21149DFCD0000C1A6F /* gb@2x.PNG */; };
		A0CBED4A149DFCD0000C1A6F /* gr.png in Resources */ = {isa = PBXBuildFile; fileRef = A0CBED22149DFCD0000C1A6F /* gr.png */; };
		A0CBED4B149DFCD0000C1A6F /* gr@2x.png in Resources */ = {isa = PBXBuildFile; fileRef = A0CBED23149DFCD0000C1A6F /* gr@2x.png */; };
		A0CBED4C149DFCD0000C1A6F /* hu.png in Resources */ = {isa = PBXBuildFile; fileRef = A0CBED24149DFCD0000C1A6F /* hu.png */; };
		A0CBED4D149DFCD0000C1A6F /* hu@2x.png in Resources */ = {isa = PBXBuildFile; fileRef = A0CBED25149DFCD0000C1A6F /* hu@2x.png */; };
		A0CBED4E149DFCD0000C1A6F /* hw.png in Resources */ = {isa = PBXBuildFile; fileRef = A0CBED26149DFCD0000C1A6F /* hw.png */; };
		A0CBED4F149DFCD0000C1A6F /* hw@2x.png in Resources */ = {isa = PBXBuildFile; fileRef = A0CBED27149DFCD0000C1A6F /* hw@2x.png */; };
		A0CBED50149DFCD0000C1A6F /* md.png in Resources */ = {isa = PBXBuildFile; fileRef = A0CBED28149DFCD0000C1A6F /* md.png */; };
		A0CBED51149DFCD0000C1A6F /* md@2x.png in Resources */ = {isa = PBXBuildFile; fileRef = A0CBED29149DFCD0000C1A6F /* md@2x.png */; };
		A0CBED52149DFCD0000C1A6F /* pl.png in Resources */ = {isa = PBXBuildFile; fileRef = A0CBED2A149DFCD0000C1A6F /* pl.png */; };
		A0CBED53149DFCD0000C1A6F /* pl@2x.png in Resources */ = {isa = PBXBuildFile; fileRef = A0CBED2B149DFCD0000C1A6F /* pl@2x.png */; };
		A0CBED54149DFCD0000C1A6F /* rm.png in Resources */ = {isa = PBXBuildFile; fileRef = A0CBED2C149DFCD0000C1A6F /* rm.png */; };
		A0CBED55149DFCD0000C1A6F /* rm@2x.png in Resources */ = {isa = PBXBuildFile; fileRef = A0CBED2D149DFCD0000C1A6F /* rm@2x.png */; };
		A0CBED56149DFCD0000C1A6F /* ru.png in Resources */ = {isa = PBXBuildFile; fileRef = A0CBED2E149DFCD0000C1A6F /* ru.png */; };
		A0CBED57149DFCD0000C1A6F /* ru@2x.png in Resources */ = {isa = PBXBuildFile; fileRef = A0CBED2F149DFCD0000C1A6F /* ru@2x.png */; };
		A0CBED58149DFCD0000C1A6F /* si.PNG in Resources */ = {isa = PBXBuildFile; fileRef = A0CBED30149DFCD0000C1A6F /* si.PNG */; };
		A0CBED59149DFCD0000C1A6F /* si@2x.PNG in Resources */ = {isa = PBXBuildFile; fileRef = A0CBED31149DFCD0000C1A6F /* si@2x.PNG */; };
		A0CBED5A149DFCD0000C1A6F /* sl.png in Resources */ = {isa = PBXBuildFile; fileRef = A0CBED32149DFCD0000C1A6F /* sl.png */; };
		A0CBED5B149DFCD0000C1A6F /* sl@2x.png in Resources */ = {isa = PBXBuildFile; fileRef = A0CBED33149DFCD0000C1A6F /* sl@2x.png */; };
		A0CBED5D149DFDC2000C1A6F /* Consulate.json in Resources */ = {isa = PBXBuildFile; fileRef = A0CBED5C149DFDC2000C1A6F /* Consulate.json */; };
		A0CBED5F149E1A13000C1A6F /* Requirements.json in Resources */ = {isa = PBXBuildFile; fileRef = A0CBED5E149E1A13000C1A6F /* Requirements.json */; };
		A0FE8586149C9FEF007C578B /* UIKit.framework in Frameworks */ = {isa = PBXBuildFile; fileRef = A0FE8585149C9FEF007C578B /* UIKit.framework */; };
		A0FE8588149C9FEF007C578B /* Foundation.framework in Frameworks */ = {isa = PBXBuildFile; fileRef = A0FE8587149C9FEF007C578B /* Foundation.framework */; };
		A0FE858A149C9FEF007C578B /* CoreGraphics.framework in Frameworks */ = {isa = PBXBuildFile; fileRef = A0FE8589149C9FEF007C578B /* CoreGraphics.framework */; };
		A0FE858C149C9FEF007C578B /* CoreData.framework in Frameworks */ = {isa = PBXBuildFile; fileRef = A0FE858B149C9FEF007C578B /* CoreData.framework */; };
		A0FE8592149C9FEF007C578B /* InfoPlist.strings in Resources */ = {isa = PBXBuildFile; fileRef = A0FE8590149C9FEF007C578B /* InfoPlist.strings */; };
		A0FE8594149C9FEF007C578B /* main.m in Sources */ = {isa = PBXBuildFile; fileRef = A0FE8593149C9FEF007C578B /* main.m */; };
		A0FE8598149C9FEF007C578B /* AppDelegate.m in Sources */ = {isa = PBXBuildFile; fileRef = A0FE8597149C9FEF007C578B /* AppDelegate.m */; };
		A0FE859B149C9FEF007C578B /* vc_mobile.xcdatamodeld in Sources */ = {isa = PBXBuildFile; fileRef = A0FE8599149C9FEF007C578B /* vc_mobile.xcdatamodeld */; };
		A0FE85C1149CB592007C578B /* StartViewController.m in Sources */ = {isa = PBXBuildFile; fileRef = A0FE85C0149CB592007C578B /* StartViewController.m */; };
		A0FE85C4149CB5CE007C578B /* CountrySelectorVC.m in Sources */ = {isa = PBXBuildFile; fileRef = A0FE85C3149CB5CE007C578B /* CountrySelectorVC.m */; };
		A0FE85C7149CB615007C578B /* CountryViewController.m in Sources */ = {isa = PBXBuildFile; fileRef = A0FE85C6149CB615007C578B /* CountryViewController.m */; };
		A0FE85CA149CB665007C578B /* ConsulateLocationViewController.m in Sources */ = {isa = PBXBuildFile; fileRef = A0FE85C9149CB665007C578B /* ConsulateLocationViewController.m */; };
		A0FE85CD149CB72A007C578B /* DataController.m in Sources */ = {isa = PBXBuildFile; fileRef = A0FE85CC149CB72A007C578B /* DataController.m */; };
		A0FE85D0149CB745007C578B /* NetworkController.m in Sources */ = {isa = PBXBuildFile; fileRef = A0FE85CF149CB744007C578B /* NetworkController.m */; };
		A0FE8617149CD9CE007C578B /* SystemConfiguration.framework in Frameworks */ = {isa = PBXBuildFile; fileRef = A0FE8616149CD9CE007C578B /* SystemConfiguration.framework */; };
		A0FE861E149CE8FA007C578B /* icon.png in Resources */ = {isa = PBXBuildFile; fileRef = A0FE861A149CE8FA007C578B /* icon.png */; };
		A0FE861F149CE8FA007C578B /* icon@2x.png in Resources */ = {isa = PBXBuildFile; fileRef = A0FE861B149CE8FA007C578B /* icon@2x.png */; };
		A0FE8620149CE8FA007C578B /* visard.png in Resources */ = {isa = PBXBuildFile; fileRef = A0FE861C149CE8FA007C578B /* visard.png */; };
		A0FE8621149CE8FA007C578B /* visard@2x.png in Resources */ = {isa = PBXBuildFile; fileRef = A0FE861D149CE8FA007C578B /* visard@2x.png */; };
		A0FE8624149CF31B007C578B /* splash.png in Resources */ = {isa = PBXBuildFile; fileRef = A0FE8622149CF31B007C578B /* splash.png */; };
		A0FE8625149CF31B007C578B /* splash@2x.png in Resources */ = {isa = PBXBuildFile; fileRef = A0FE8623149CF31B007C578B /* splash@2x.png */; };
		A0FE862C149D158F007C578B /* OverlayViewController.m in Sources */ = {isa = PBXBuildFile; fileRef = A0FE862B149D158F007C578B /* OverlayViewController.m */; };
		A0FE8651149D3964007C578B /* UISegmentedControl+CustomTintExtension.m in Sources */ = {isa = PBXBuildFile; fileRef = A0FE8650149D3964007C578B /* UISegmentedControl+CustomTintExtension.m */; };
/* End PBXBuildFile section */

/* Begin PBXFileReference section */
		81A6D012149CBC0100D0714A /* AFHTTPClient.h */ = {isa = PBXFileReference; fileEncoding = 4; lastKnownFileType = sourcecode.c.h; path = AFHTTPClient.h; sourceTree = "<group>"; };
		81A6D013149CBC0100D0714A /* AFHTTPClient.m */ = {isa = PBXFileReference; fileEncoding = 4; lastKnownFileType = sourcecode.c.objc; path = AFHTTPClient.m; sourceTree = "<group>"; };
		81A6D014149CBC0100D0714A /* AFHTTPRequestOperation.h */ = {isa = PBXFileReference; fileEncoding = 4; lastKnownFileType = sourcecode.c.h; path = AFHTTPRequestOperation.h; sourceTree = "<group>"; };
		81A6D015149CBC0100D0714A /* AFHTTPRequestOperation.m */ = {isa = PBXFileReference; fileEncoding = 4; lastKnownFileType = sourcecode.c.objc; path = AFHTTPRequestOperation.m; sourceTree = "<group>"; };
		81A6D016149CBC0100D0714A /* AFImageCache.h */ = {isa = PBXFileReference; fileEncoding = 4; lastKnownFileType = sourcecode.c.h; path = AFImageCache.h; sourceTree = "<group>"; };
		81A6D017149CBC0100D0714A /* AFImageCache.m */ = {isa = PBXFileReference; fileEncoding = 4; lastKnownFileType = sourcecode.c.objc; path = AFImageCache.m; sourceTree = "<group>"; };
		81A6D018149CBC0100D0714A /* AFImageRequestOperation.h */ = {isa = PBXFileReference; fileEncoding = 4; lastKnownFileType = sourcecode.c.h; path = AFImageRequestOperation.h; sourceTree = "<group>"; };
		81A6D019149CBC0100D0714A /* AFImageRequestOperation.m */ = {isa = PBXFileReference; fileEncoding = 4; lastKnownFileType = sourcecode.c.objc; path = AFImageRequestOperation.m; sourceTree = "<group>"; };
		81A6D01A149CBC0100D0714A /* AFJSONRequestOperation.h */ = {isa = PBXFileReference; fileEncoding = 4; lastKnownFileType = sourcecode.c.h; path = AFJSONRequestOperation.h; sourceTree = "<group>"; };
		81A6D01B149CBC0100D0714A /* AFJSONRequestOperation.m */ = {isa = PBXFileReference; fileEncoding = 4; lastKnownFileType = sourcecode.c.objc; path = AFJSONRequestOperation.m; sourceTree = "<group>"; };
		81A6D01C149CBC0100D0714A /* AFNetworkActivityIndicatorManager.h */ = {isa = PBXFileReference; fileEncoding = 4; lastKnownFileType = sourcecode.c.h; path = AFNetworkActivityIndicatorManager.h; sourceTree = "<group>"; };
		81A6D01D149CBC0100D0714A /* AFNetworkActivityIndicatorManager.m */ = {isa = PBXFileReference; fileEncoding = 4; lastKnownFileType = sourcecode.c.objc; path = AFNetworkActivityIndicatorManager.m; sourceTree = "<group>"; };
		81A6D020149CBC0100D0714A /* BSJSONRequestOperation.h */ = {isa = PBXFileReference; fileEncoding = 4; lastKnownFileType = sourcecode.c.h; path = BSJSONRequestOperation.h; sourceTree = "<group>"; };
		81A6D021149CBC0100D0714A /* BSJSONRequestOperation.m */ = {isa = PBXFileReference; fileEncoding = 4; lastKnownFileType = sourcecode.c.objc; path = BSJSONRequestOperation.m; sourceTree = "<group>"; };
		81A6D02B149CC84000D0714A /* JSONKit.h */ = {isa = PBXFileReference; fileEncoding = 4; lastKnownFileType = sourcecode.c.h; path = JSONKit.h; sourceTree = "<group>"; };
		81A6D02C149CC84000D0714A /* JSONKit.m */ = {isa = PBXFileReference; fileEncoding = 4; lastKnownFileType = sourcecode.c.objc; path = JSONKit.m; sourceTree = "<group>"; };
		81A6D030149CC8BD00D0714A /* Reachability.h */ = {isa = PBXFileReference; fileEncoding = 4; lastKnownFileType = sourcecode.c.h; path = Reachability.h; sourceTree = "<group>"; };
		81A6D031149CC8BD00D0714A /* Reachability.m */ = {isa = PBXFileReference; fileEncoding = 4; lastKnownFileType = sourcecode.c.objc; path = Reachability.m; sourceTree = "<group>"; };
		81A6D033149CC98F00D0714A /* CFNetwork.framework */ = {isa = PBXFileReference; lastKnownFileType = wrapper.framework; name = CFNetwork.framework; path = System/Library/Frameworks/CFNetwork.framework; sourceTree = SDKROOT; };
		81A6D039149CD58100D0714A /* ColorfulButton.h */ = {isa = PBXFileReference; fileEncoding = 4; lastKnownFileType = sourcecode.c.h; path = ColorfulButton.h; sourceTree = "<group>"; };
		81A6D03A149CD58100D0714A /* ColorfulButton.m */ = {isa = PBXFileReference; fileEncoding = 4; lastKnownFileType = sourcecode.c.objc; path = ColorfulButton.m; sourceTree = "<group>"; };
		81A6D04B149D153700D0714A /* CountriesList.json */ = {isa = PBXFileReference; fileEncoding = 4; lastKnownFileType = text.json; name = CountriesList.json; path = Resources/CountriesList.json; sourceTree = "<group>"; };
		81A6D08B149E296200D0714A /* Advice.h */ = {isa = PBXFileReference; fileEncoding = 4; lastKnownFileType = sourcecode.c.h; name = Advice.h; path = Model/Advice.h; sourceTree = "<group>"; };
		81A6D08C149E296200D0714A /* Advice.m */ = {isa = PBXFileReference; fileEncoding = 4; lastKnownFileType = sourcecode.c.objc; name = Advice.m; path = Model/Advice.m; sourceTree = "<group>"; };
		81A6D08E149E2A6500D0714A /* User.h */ = {isa = PBXFileReference; fileEncoding = 4; lastKnownFileType = sourcecode.c.h; name = User.h; path = Model/User.h; sourceTree = "<group>"; };
		81A6D08F149E2A6500D0714A /* User.m */ = {isa = PBXFileReference; fileEncoding = 4; lastKnownFileType = sourcecode.c.objc; name = User.m; path = Model/User.m; sourceTree = "<group>"; };
		81A6D094149E2A6500D0714A /* Country.h */ = {isa = PBXFileReference; fileEncoding = 4; lastKnownFileType = sourcecode.c.h; name = Country.h; path = Model/Country.h; sourceTree = "<group>"; };
		81A6D095149E2A6500D0714A /* Country.m */ = {isa = PBXFileReference; fileEncoding = 4; lastKnownFileType = sourcecode.c.objc; name = Country.m; path = Model/Country.m; sourceTree = "<group>"; };
		81A6D097149E2A6500D0714A /* Requirement.h */ = {isa = PBXFileReference; fileEncoding = 4; lastKnownFileType = sourcecode.c.h; name = Requirement.h; path = Model/Requirement.h; sourceTree = "<group>"; };
		81A6D098149E2A6500D0714A /* Requirement.m */ = {isa = PBXFileReference; fileEncoding = 4; lastKnownFileType = sourcecode.c.objc; name = Requirement.m; path = Model/Requirement.m; sourceTree = "<group>"; };
		81A6D09A149E3DC000D0714A /* MyPinAnnotation.h */ = {isa = PBXFileReference; fileEncoding = 4; lastKnownFileType = sourcecode.c.h; path = MyPinAnnotation.h; sourceTree = "<group>"; };
		81A6D09B149E3DC000D0714A /* MyPinAnnotation.m */ = {isa = PBXFileReference; fileEncoding = 4; lastKnownFileType = sourcecode.c.objc; path = MyPinAnnotation.m; sourceTree = "<group>"; };
		81A6D09D149E3E2200D0714A /* MapKit.framework */ = {isa = PBXFileReference; lastKnownFileType = wrapper.framework; name = MapKit.framework; path = System/Library/Frameworks/MapKit.framework; sourceTree = SDKROOT; };
		81A6D0A2149E43A800D0714A /* Consulate.h */ = {isa = PBXFileReference; fileEncoding = 4; lastKnownFileType = sourcecode.c.h; name = Consulate.h; path = Model/Consulate.h; sourceTree = "<group>"; };
		81A6D0A3149E43A800D0714A /* Consulate.m */ = {isa = PBXFileReference; fileEncoding = 4; lastKnownFileType = sourcecode.c.objc; name = Consulate.m; path = Model/Consulate.m; sourceTree = "<group>"; };
		A08627F314A361FA0075D4BE /* MainViewController.h */ = {isa = PBXFileReference; fileEncoding = 4; lastKnownFileType = sourcecode.c.h; name = MainViewController.h; path = View/MainViewController.h; sourceTree = "<group>"; };
		A08627F414A361FA0075D4BE /* MainViewController.m */ = {isa = PBXFileReference; fileEncoding = 4; lastKnownFileType = sourcecode.c.objc; name = MainViewController.m; path = View/MainViewController.m; sourceTree = "<group>"; };
		A08627FF14A3711B0075D4BE /* maibBg.png */ = {isa = PBXFileReference; lastKnownFileType = image.png; path = maibBg.png; sourceTree = "<group>"; };
		A086280014A3711B0075D4BE /* maibBg@2x.png */ = {isa = PBXFileReference; lastKnownFileType = image.png; path = "maibBg@2x.png"; sourceTree = "<group>"; };
		A0CBECFF149DEBA2000C1A6F /* CountriesList2.json */ = {isa = PBXFileReference; fileEncoding = 4; lastKnownFileType = text.json; name = CountriesList2.json; path = Resources/CountriesList2.json; sourceTree = "<group>"; };
		A0CBED0C149DFCD0000C1A6F /* at.png */ = {isa = PBXFileReference; lastKnownFileType = image.png; path = at.png; sourceTree = "<group>"; };
		A0CBED0D149DFCD0000C1A6F /* at@2x.png */ = {isa = PBXFileReference; lastKnownFileType = image.png; path = "at@2x.png"; sourceTree = "<group>"; };
		A0CBED0E149DFCD0000C1A6F /* be.png */ = {isa = PBXFileReference; lastKnownFileType = image.png; path = be.png; sourceTree = "<group>"; };
		A0CBED0F149DFCD0000C1A6F /* be@2x.png */ = {isa = PBXFileReference; lastKnownFileType = image.png; path = "be@2x.png"; sourceTree = "<group>"; };
		A0CBED10149DFCD0000C1A6F /* by.png */ = {isa = PBXFileReference; lastKnownFileType = image.png; path = by.png; sourceTree = "<group>"; };
		A0CBED11149DFCD0000C1A6F /* by@2x.png */ = {isa = PBXFileReference; lastKnownFileType = image.png; path = "by@2x.png"; sourceTree = "<group>"; };
		A0CBED12149DFCD0000C1A6F /* cs.png */ = {isa = PBXFileReference; lastKnownFileType = image.png; path = cs.png; sourceTree = "<group>"; };
		A0CBED13149DFCD0000C1A6F /* cs@2x.png */ = {isa = PBXFileReference; lastKnownFileType = image.png; path = "cs@2x.png"; sourceTree = "<group>"; };
		A0CBED14149DFCD0000C1A6F /* cz.png */ = {isa = PBXFileReference; lastKnownFileType = image.png; path = cz.png; sourceTree = "<group>"; };
		A0CBED15149DFCD0000C1A6F /* cz@2x.png */ = {isa = PBXFileReference; lastKnownFileType = image.png; path = "cz@2x.png"; sourceTree = "<group>"; };
		A0CBED16149DFCD0000C1A6F /* de.png */ = {isa = PBXFileReference; lastKnownFileType = image.png; path = de.png; sourceTree = "<group>"; };
		A0CBED17149DFCD0000C1A6F /* de@2x.png */ = {isa = PBXFileReference; lastKnownFileType = image.png; path = "de@2x.png"; sourceTree = "<group>"; };
		A0CBED18149DFCD0000C1A6F /* ee.png */ = {isa = PBXFileReference; lastKnownFileType = image.png; path = ee.png; sourceTree = "<group>"; };
		A0CBED19149DFCD0000C1A6F /* ee@2x.png */ = {isa = PBXFileReference; lastKnownFileType = image.png; path = "ee@2x.png"; sourceTree = "<group>"; };
		A0CBED1A149DFCD0000C1A6F /* eg.png */ = {isa = PBXFileReference; lastKnownFileType = image.png; path = eg.png; sourceTree = "<group>"; };
		A0CBED1B149DFCD0000C1A6F /* eg@2x.png */ = {isa = PBXFileReference; lastKnownFileType = image.png; path = "eg@2x.png"; sourceTree = "<group>"; };
		A0CBED1C149DFCD0000C1A6F /* es.png */ = {isa = PBXFileReference; lastKnownFileType = image.png; path = es.png; sourceTree = "<group>"; };
		A0CBED1D149DFCD0000C1A6F /* es@2x.png */ = {isa = PBXFileReference; lastKnownFileType = image.png; path = "es@2x.png"; sourceTree = "<group>"; };
		A0CBED1E149DFCD0000C1A6F /* fr.png */ = {isa = PBXFileReference; lastKnownFileType = image.png; path = fr.png; sourceTree = "<group>"; };
		A0CBED1F149DFCD0000C1A6F /* fr@2x.png */ = {isa = PBXFileReference; lastKnownFileType = image.png; path = "fr@2x.png"; sourceTree = "<group>"; };
		A0CBED20149DFCD0000C1A6F /* gb.PNG */ = {isa = PBXFileReference; lastKnownFileType = image.png; path = gb.PNG; sourceTree = "<group>"; };
		A0CBED21149DFCD0000C1A6F /* gb@2x.PNG */ = {isa = PBXFileReference; lastKnownFileType = image.png; path = "gb@2x.PNG"; sourceTree = "<group>"; };
		A0CBED22149DFCD0000C1A6F /* gr.png */ = {isa = PBXFileReference; lastKnownFileType = image.png; path = gr.png; sourceTree = "<group>"; };
		A0CBED23149DFCD0000C1A6F /* gr@2x.png */ = {isa = PBXFileReference; lastKnownFileType = image.png; path = "gr@2x.png"; sourceTree = "<group>"; };
		A0CBED24149DFCD0000C1A6F /* hu.png */ = {isa = PBXFileReference; lastKnownFileType = image.png; path = hu.png; sourceTree = "<group>"; };
		A0CBED25149DFCD0000C1A6F /* hu@2x.png */ = {isa = PBXFileReference; lastKnownFileType = image.png; path = "hu@2x.png"; sourceTree = "<group>"; };
		A0CBED26149DFCD0000C1A6F /* hw.png */ = {isa = PBXFileReference; lastKnownFileType = image.png; path = hw.png; sourceTree = "<group>"; };
		A0CBED27149DFCD0000C1A6F /* hw@2x.png */ = {isa = PBXFileReference; lastKnownFileType = image.png; path = "hw@2x.png"; sourceTree = "<group>"; };
		A0CBED28149DFCD0000C1A6F /* md.png */ = {isa = PBXFileReference; lastKnownFileType = image.png; path = md.png; sourceTree = "<group>"; };
		A0CBED29149DFCD0000C1A6F /* md@2x.png */ = {isa = PBXFileReference; lastKnownFileType = image.png; path = "md@2x.png"; sourceTree = "<group>"; };
		A0CBED2A149DFCD0000C1A6F /* pl.png */ = {isa = PBXFileReference; lastKnownFileType = image.png; path = pl.png; sourceTree = "<group>"; };
		A0CBED2B149DFCD0000C1A6F /* pl@2x.png */ = {isa = PBXFileReference; lastKnownFileType = image.png; path = "pl@2x.png"; sourceTree = "<group>"; };
		A0CBED2C149DFCD0000C1A6F /* rm.png */ = {isa = PBXFileReference; lastKnownFileType = image.png; path = rm.png; sourceTree = "<group>"; };
		A0CBED2D149DFCD0000C1A6F /* rm@2x.png */ = {isa = PBXFileReference; lastKnownFileType = image.png; path = "rm@2x.png"; sourceTree = "<group>"; };
		A0CBED2E149DFCD0000C1A6F /* ru.png */ = {isa = PBXFileReference; lastKnownFileType = image.png; path = ru.png; sourceTree = "<group>"; };
		A0CBED2F149DFCD0000C1A6F /* ru@2x.png */ = {isa = PBXFileReference; lastKnownFileType = image.png; path = "ru@2x.png"; sourceTree = "<group>"; };
		A0CBED30149DFCD0000C1A6F /* si.PNG */ = {isa = PBXFileReference; lastKnownFileType = image.png; path = si.PNG; sourceTree = "<group>"; };
		A0CBED31149DFCD0000C1A6F /* si@2x.PNG */ = {isa = PBXFileReference; lastKnownFileType = image.png; path = "si@2x.PNG"; sourceTree = "<group>"; };
		A0CBED32149DFCD0000C1A6F /* sl.png */ = {isa = PBXFileReference; lastKnownFileType = image.png; path = sl.png; sourceTree = "<group>"; };
		A0CBED33149DFCD0000C1A6F /* sl@2x.png */ = {isa = PBXFileReference; lastKnownFileType = image.png; path = "sl@2x.png"; sourceTree = "<group>"; };
		A0CBED5C149DFDC2000C1A6F /* Consulate.json */ = {isa = PBXFileReference; fileEncoding = 4; lastKnownFileType = text.json; name = Consulate.json; path = Resources/Consulate.json; sourceTree = "<group>"; };
		A0CBED5E149E1A13000C1A6F /* Requirements.json */ = {isa = PBXFileReference; fileEncoding = 4; lastKnownFileType = text.json; name = Requirements.json; path = Resources/Requirements.json; sourceTree = "<group>"; };
		A0FE8581149C9FEF007C578B /* vc-mobile.app */ = {isa = PBXFileReference; explicitFileType = wrapper.application; includeInIndex = 0; path = "vc-mobile.app"; sourceTree = BUILT_PRODUCTS_DIR; };
		A0FE8585149C9FEF007C578B /* UIKit.framework */ = {isa = PBXFileReference; lastKnownFileType = wrapper.framework; name = UIKit.framework; path = System/Library/Frameworks/UIKit.framework; sourceTree = SDKROOT; };
		A0FE8587149C9FEF007C578B /* Foundation.framework */ = {isa = PBXFileReference; lastKnownFileType = wrapper.framework; name = Foundation.framework; path = System/Library/Frameworks/Foundation.framework; sourceTree = SDKROOT; };
		A0FE8589149C9FEF007C578B /* CoreGraphics.framework */ = {isa = PBXFileReference; lastKnownFileType = wrapper.framework; name = CoreGraphics.framework; path = System/Library/Frameworks/CoreGraphics.framework; sourceTree = SDKROOT; };
		A0FE858B149C9FEF007C578B /* CoreData.framework */ = {isa = PBXFileReference; lastKnownFileType = wrapper.framework; name = CoreData.framework; path = System/Library/Frameworks/CoreData.framework; sourceTree = SDKROOT; };
		A0FE858F149C9FEF007C578B /* vc-mobile-Info.plist */ = {isa = PBXFileReference; lastKnownFileType = text.plist.xml; path = "vc-mobile-Info.plist"; sourceTree = "<group>"; };
		A0FE8591149C9FEF007C578B /* en */ = {isa = PBXFileReference; lastKnownFileType = text.plist.strings; name = en; path = en.lproj/InfoPlist.strings; sourceTree = "<group>"; };
		A0FE8593149C9FEF007C578B /* main.m */ = {isa = PBXFileReference; lastKnownFileType = sourcecode.c.objc; path = main.m; sourceTree = "<group>"; };
		A0FE8595149C9FEF007C578B /* vc-mobile-Prefix.pch */ = {isa = PBXFileReference; lastKnownFileType = sourcecode.c.h; path = "vc-mobile-Prefix.pch"; sourceTree = "<group>"; };
		A0FE8596149C9FEF007C578B /* AppDelegate.h */ = {isa = PBXFileReference; lastKnownFileType = sourcecode.c.h; path = AppDelegate.h; sourceTree = "<group>"; };
		A0FE8597149C9FEF007C578B /* AppDelegate.m */ = {isa = PBXFileReference; lastKnownFileType = sourcecode.c.objc; path = AppDelegate.m; sourceTree = "<group>"; };
		A0FE859A149C9FEF007C578B /* vc_mobile.xcdatamodel */ = {isa = PBXFileReference; lastKnownFileType = wrapper.xcdatamodel; path = vc_mobile.xcdatamodel; sourceTree = "<group>"; };
		A0FE85BF149CB592007C578B /* StartViewController.h */ = {isa = PBXFileReference; fileEncoding = 4; lastKnownFileType = sourcecode.c.h; name = StartViewController.h; path = View/StartViewController.h; sourceTree = "<group>"; };
		A0FE85C0149CB592007C578B /* StartViewController.m */ = {isa = PBXFileReference; fileEncoding = 4; lastKnownFileType = sourcecode.c.objc; name = StartViewController.m; path = View/StartViewController.m; sourceTree = "<group>"; };
		A0FE85C2149CB5CE007C578B /* CountrySelectorVC.h */ = {isa = PBXFileReference; fileEncoding = 4; lastKnownFileType = sourcecode.c.h; name = CountrySelectorVC.h; path = View/CountrySelectorVC.h; sourceTree = "<group>"; };
		A0FE85C3149CB5CE007C578B /* CountrySelectorVC.m */ = {isa = PBXFileReference; fileEncoding = 4; lastKnownFileType = sourcecode.c.objc; name = CountrySelectorVC.m; path = View/CountrySelectorVC.m; sourceTree = "<group>"; };
		A0FE85C5149CB615007C578B /* CountryViewController.h */ = {isa = PBXFileReference; fileEncoding = 4; lastKnownFileType = sourcecode.c.h; name = CountryViewController.h; path = View/CountryViewController.h; sourceTree = "<group>"; };
		A0FE85C6149CB615007C578B /* CountryViewController.m */ = {isa = PBXFileReference; fileEncoding = 4; lastKnownFileType = sourcecode.c.objc; name = CountryViewController.m; path = View/CountryViewController.m; sourceTree = "<group>"; };
		A0FE85C8149CB665007C578B /* ConsulateLocationViewController.h */ = {isa = PBXFileReference; fileEncoding = 4; lastKnownFileType = sourcecode.c.h; name = ConsulateLocationViewController.h; path = View/ConsulateLocationViewController.h; sourceTree = "<group>"; };
		A0FE85C9149CB665007C578B /* ConsulateLocationViewController.m */ = {isa = PBXFileReference; fileEncoding = 4; lastKnownFileType = sourcecode.c.objc; name = ConsulateLocationViewController.m; path = View/ConsulateLocationViewController.m; sourceTree = "<group>"; };
		A0FE85CB149CB72A007C578B /* DataController.h */ = {isa = PBXFileReference; fileEncoding = 4; lastKnownFileType = sourcecode.c.h; name = DataController.h; path = Controller/DataController.h; sourceTree = "<group>"; };
		A0FE85CC149CB72A007C578B /* DataController.m */ = {isa = PBXFileReference; fileEncoding = 4; lastKnownFileType = sourcecode.c.objc; name = DataController.m; path = Controller/DataController.m; sourceTree = "<group>"; };
		A0FE85CE149CB744007C578B /* NetworkController.h */ = {isa = PBXFileReference; fileEncoding = 4; lastKnownFileType = sourcecode.c.h; name = NetworkController.h; path = Controller/NetworkController.h; sourceTree = "<group>"; };
		A0FE85CF149CB744007C578B /* NetworkController.m */ = {isa = PBXFileReference; fileEncoding = 4; lastKnownFileType = sourcecode.c.objc; name = NetworkController.m; path = Controller/NetworkController.m; sourceTree = "<group>"; };
		A0FE8616149CD9CE007C578B /* SystemConfiguration.framework */ = {isa = PBXFileReference; lastKnownFileType = wrapper.framework; name = SystemConfiguration.framework; path = System/Library/Frameworks/SystemConfiguration.framework; sourceTree = SDKROOT; };
		A0FE861A149CE8FA007C578B /* icon.png */ = {isa = PBXFileReference; lastKnownFileType = image.png; path = icon.png; sourceTree = "<group>"; };
		A0FE861B149CE8FA007C578B /* icon@2x.png */ = {isa = PBXFileReference; lastKnownFileType = image.png; path = "icon@2x.png"; sourceTree = "<group>"; };
		A0FE861C149CE8FA007C578B /* visard.png */ = {isa = PBXFileReference; lastKnownFileType = image.png; path = visard.png; sourceTree = "<group>"; };
		A0FE861D149CE8FA007C578B /* visard@2x.png */ = {isa = PBXFileReference; lastKnownFileType = image.png; path = "visard@2x.png"; sourceTree = "<group>"; };
		A0FE8622149CF31B007C578B /* splash.png */ = {isa = PBXFileReference; lastKnownFileType = image.png; path = splash.png; sourceTree = "<group>"; };
		A0FE8623149CF31B007C578B /* splash@2x.png */ = {isa = PBXFileReference; lastKnownFileType = image.png; path = "splash@2x.png"; sourceTree = "<group>"; };
		A0FE862A149D158F007C578B /* OverlayViewController.h */ = {isa = PBXFileReference; fileEncoding = 4; lastKnownFileType = sourcecode.c.h; name = OverlayViewController.h; path = View/OverlayViewController.h; sourceTree = "<group>"; };
		A0FE862B149D158F007C578B /* OverlayViewController.m */ = {isa = PBXFileReference; fileEncoding = 4; lastKnownFileType = sourcecode.c.objc; name = OverlayViewController.m; path = View/OverlayViewController.m; sourceTree = "<group>"; };
		A0FE864F149D3963007C578B /* UISegmentedControl+CustomTintExtension.h */ = {isa = PBXFileReference; fileEncoding = 4; lastKnownFileType = sourcecode.c.h; name = "UISegmentedControl+CustomTintExtension.h"; path = "View/SegmentedControlExtension/UISegmentedControl+CustomTintExtension.h"; sourceTree = "<group>"; };
		A0FE8650149D3964007C578B /* UISegmentedControl+CustomTintExtension.m */ = {isa = PBXFileReference; fileEncoding = 4; lastKnownFileType = sourcecode.c.objc; name = "UISegmentedControl+CustomTintExtension.m"; path = "View/SegmentedControlExtension/UISegmentedControl+CustomTintExtension.m"; sourceTree = "<group>"; };
/* End PBXFileReference section */

/* Begin PBXFrameworksBuildPhase section */
		A0FE857E149C9FEF007C578B /* Frameworks */ = {
			isa = PBXFrameworksBuildPhase;
			buildActionMask = 2147483647;
			files = (
				81A6D09E149E3E2200D0714A /* MapKit.framework in Frameworks */,
				A0FE8617149CD9CE007C578B /* SystemConfiguration.framework in Frameworks */,
				81A6D034149CC98F00D0714A /* CFNetwork.framework in Frameworks */,
				A0FE8586149C9FEF007C578B /* UIKit.framework in Frameworks */,
				A0FE8588149C9FEF007C578B /* Foundation.framework in Frameworks */,
				A0FE858A149C9FEF007C578B /* CoreGraphics.framework in Frameworks */,
				A0FE858C149C9FEF007C578B /* CoreData.framework in Frameworks */,
			);
			runOnlyForDeploymentPostprocessing = 0;
		};
/* End PBXFrameworksBuildPhase section */

/* Begin PBXGroup section */
		81A6D011149CBBC600D0714A /* Libraries */ = {
			isa = PBXGroup;
			children = (
				A0FE864F149D3963007C578B /* UISegmentedControl+CustomTintExtension.h */,
				A0FE8650149D3964007C578B /* UISegmentedControl+CustomTintExtension.m */,
				81A6D039149CD58100D0714A /* ColorfulButton.h */,
				81A6D03A149CD58100D0714A /* ColorfulButton.m */,
				81A6D09A149E3DC000D0714A /* MyPinAnnotation.h */,
				81A6D09B149E3DC000D0714A /* MyPinAnnotation.m */,
				81A6D02F149CC88E00D0714A /* Reachability */,
				81A6D02E149CC84800D0714A /* JSONKit */,
				81A6D02A149CBC0D00D0714A /* AFNetworking */,
			);
			name = Libraries;
			sourceTree = "<group>";
		};
		81A6D02A149CBC0D00D0714A /* AFNetworking */ = {
			isa = PBXGroup;
			children = (
				81A6D012149CBC0100D0714A /* AFHTTPClient.h */,
				81A6D013149CBC0100D0714A /* AFHTTPClient.m */,
				81A6D014149CBC0100D0714A /* AFHTTPRequestOperation.h */,
				81A6D015149CBC0100D0714A /* AFHTTPRequestOperation.m */,
				81A6D016149CBC0100D0714A /* AFImageCache.h */,
				81A6D017149CBC0100D0714A /* AFImageCache.m */,
				81A6D018149CBC0100D0714A /* AFImageRequestOperation.h */,
				81A6D019149CBC0100D0714A /* AFImageRequestOperation.m */,
				81A6D01A149CBC0100D0714A /* AFJSONRequestOperation.h */,
				81A6D01B149CBC0100D0714A /* AFJSONRequestOperation.m */,
				81A6D01C149CBC0100D0714A /* AFNetworkActivityIndicatorManager.h */,
				81A6D01D149CBC0100D0714A /* AFNetworkActivityIndicatorManager.m */,
				81A6D020149CBC0100D0714A /* BSJSONRequestOperation.h */,
				81A6D021149CBC0100D0714A /* BSJSONRequestOperation.m */,
			);
			name = AFNetworking;
			sourceTree = "<group>";
		};
		81A6D02E149CC84800D0714A /* JSONKit */ = {
			isa = PBXGroup;
			children = (
				81A6D02B149CC84000D0714A /* JSONKit.h */,
				81A6D02C149CC84000D0714A /* JSONKit.m */,
			);
			name = JSONKit;
			sourceTree = "<group>";
		};
		81A6D02F149CC88E00D0714A /* Reachability */ = {
			isa = PBXGroup;
			children = (
				81A6D030149CC8BD00D0714A /* Reachability.h */,
				81A6D031149CC8BD00D0714A /* Reachability.m */,
			);
			name = Reachability;
			sourceTree = "<group>";
		};
		81A6D049149D10E300D0714A /* Resources */ = {
			isa = PBXGroup;
			children = (
				81A6D04B149D153700D0714A /* CountriesList.json */,
				A0CBECFF149DEBA2000C1A6F /* CountriesList2.json */,
				A0CBED5C149DFDC2000C1A6F /* Consulate.json */,
				A0CBED5E149E1A13000C1A6F /* Requirements.json */,
				A0FE8619149CE8FA007C578B /* images */,
			);
			name = Resources;
			sourceTree = "<group>";
		};
		A0CBED0B149DFCD0000C1A6F /* flags */ = {
			isa = PBXGroup;
			children = (
				A0CBED0C149DFCD0000C1A6F /* at.png */,
				A0CBED0D149DFCD0000C1A6F /* at@2x.png */,
				A0CBED0E149DFCD0000C1A6F /* be.png */,
				A0CBED0F149DFCD0000C1A6F /* be@2x.png */,
				A0CBED10149DFCD0000C1A6F /* by.png */,
				A0CBED11149DFCD0000C1A6F /* by@2x.png */,
				A0CBED12149DFCD0000C1A6F /* cs.png */,
				A0CBED13149DFCD0000C1A6F /* cs@2x.png */,
				A0CBED14149DFCD0000C1A6F /* cz.png */,
				A0CBED15149DFCD0000C1A6F /* cz@2x.png */,
				A0CBED16149DFCD0000C1A6F /* de.png */,
				A0CBED17149DFCD0000C1A6F /* de@2x.png */,
				A0CBED18149DFCD0000C1A6F /* ee.png */,
				A0CBED19149DFCD0000C1A6F /* ee@2x.png */,
				A0CBED1A149DFCD0000C1A6F /* eg.png */,
				A0CBED1B149DFCD0000C1A6F /* eg@2x.png */,
				A0CBED1C149DFCD0000C1A6F /* es.png */,
				A0CBED1D149DFCD0000C1A6F /* es@2x.png */,
				A0CBED1E149DFCD0000C1A6F /* fr.png */,
				A0CBED1F149DFCD0000C1A6F /* fr@2x.png */,
				A0CBED20149DFCD0000C1A6F /* gb.PNG */,
				A0CBED21149DFCD0000C1A6F /* gb@2x.PNG */,
				A0CBED22149DFCD0000C1A6F /* gr.png */,
				A0CBED23149DFCD0000C1A6F /* gr@2x.png */,
				A0CBED24149DFCD0000C1A6F /* hu.png */,
				A0CBED25149DFCD0000C1A6F /* hu@2x.png */,
				A0CBED26149DFCD0000C1A6F /* hw.png */,
				A0CBED27149DFCD0000C1A6F /* hw@2x.png */,
				A0CBED28149DFCD0000C1A6F /* md.png */,
				A0CBED29149DFCD0000C1A6F /* md@2x.png */,
				A0CBED2A149DFCD0000C1A6F /* pl.png */,
				A0CBED2B149DFCD0000C1A6F /* pl@2x.png */,
				A0CBED2C149DFCD0000C1A6F /* rm.png */,
				A0CBED2D149DFCD0000C1A6F /* rm@2x.png */,
				A0CBED2E149DFCD0000C1A6F /* ru.png */,
				A0CBED2F149DFCD0000C1A6F /* ru@2x.png */,
				A0CBED30149DFCD0000C1A6F /* si.PNG */,
				A0CBED31149DFCD0000C1A6F /* si@2x.PNG */,
				A0CBED32149DFCD0000C1A6F /* sl.png */,
				A0CBED33149DFCD0000C1A6F /* sl@2x.png */,
			);
			path = flags;
			sourceTree = "<group>";
		};
		A0FE8576149C9FEF007C578B = {
			isa = PBXGroup;
			children = (
				A0FE858D149C9FEF007C578B /* vc-mobile */,
				A0FE8584149C9FEF007C578B /* Frameworks */,
				A0FE8582149C9FEF007C578B /* Products */,
			);
			sourceTree = "<group>";
		};
		A0FE8582149C9FEF007C578B /* Products */ = {
			isa = PBXGroup;
			children = (
				A0FE8581149C9FEF007C578B /* vc-mobile.app */,
			);
			name = Products;
			sourceTree = "<group>";
		};
		A0FE8584149C9FEF007C578B /* Frameworks */ = {
			isa = PBXGroup;
			children = (
				81A6D09D149E3E2200D0714A /* MapKit.framework */,
				A0FE8616149CD9CE007C578B /* SystemConfiguration.framework */,
				81A6D033149CC98F00D0714A /* CFNetwork.framework */,
				A0FE8585149C9FEF007C578B /* UIKit.framework */,
				A0FE8587149C9FEF007C578B /* Foundation.framework */,
				A0FE8589149C9FEF007C578B /* CoreGraphics.framework */,
				A0FE858B149C9FEF007C578B /* CoreData.framework */,
			);
			name = Frameworks;
			sourceTree = "<group>";
		};
		A0FE858D149C9FEF007C578B /* vc-mobile */ = {
			isa = PBXGroup;
			children = (
				81A6D049149D10E300D0714A /* Resources */,
				81A6D011149CBBC600D0714A /* Libraries */,
				A0FE85BE149CB513007C578B /* Controller */,
				A0FE85BD149CB4F7007C578B /* ViewController */,
				A0FE85AD149CAB1F007C578B /* Model */,
				A0FE8596149C9FEF007C578B /* AppDelegate.h */,
				A0FE8597149C9FEF007C578B /* AppDelegate.m */,
				A0FE858E149C9FEF007C578B /* Supporting Files */,
			);
			path = "vc-mobile";
			sourceTree = "<group>";
		};
		A0FE858E149C9FEF007C578B /* Supporting Files */ = {
			isa = PBXGroup;
			children = (
				A0FE858F149C9FEF007C578B /* vc-mobile-Info.plist */,
				A0FE8590149C9FEF007C578B /* InfoPlist.strings */,
				A0FE8593149C9FEF007C578B /* main.m */,
				A0FE8595149C9FEF007C578B /* vc-mobile-Prefix.pch */,
			);
			name = "Supporting Files";
			sourceTree = "<group>";
		};
		A0FE85AD149CAB1F007C578B /* Model */ = {
			isa = PBXGroup;
			children = (
				81A6D0A2149E43A800D0714A /* Consulate.h */,
				81A6D0A3149E43A800D0714A /* Consulate.m */,
				A0FE8599149C9FEF007C578B /* vc_mobile.xcdatamodeld */,
				81A6D097149E2A6500D0714A /* Requirement.h */,
				81A6D098149E2A6500D0714A /* Requirement.m */,
				81A6D094149E2A6500D0714A /* Country.h */,
				81A6D095149E2A6500D0714A /* Country.m */,
				81A6D08E149E2A6500D0714A /* User.h */,
				81A6D08F149E2A6500D0714A /* User.m */,
				81A6D08B149E296200D0714A /* Advice.h */,
				81A6D08C149E296200D0714A /* Advice.m */,
			);
			name = Model;
			sourceTree = "<group>";
		};
		A0FE85BD149CB4F7007C578B /* ViewController */ = {
			isa = PBXGroup;
			children = (
				A08627F314A361FA0075D4BE /* MainViewController.h */,
				A08627F414A361FA0075D4BE /* MainViewController.m */,
				A0FE85BF149CB592007C578B /* StartViewController.h */,
				A0FE85C0149CB592007C578B /* StartViewController.m */,
				A0FE85C2149CB5CE007C578B /* CountrySelectorVC.h */,
				A0FE85C3149CB5CE007C578B /* CountrySelectorVC.m */,
				A0FE862A149D158F007C578B /* OverlayViewController.h */,
				A0FE862B149D158F007C578B /* OverlayViewController.m */,
				A0FE85C5149CB615007C578B /* CountryViewController.h */,
				A0FE85C6149CB615007C578B /* CountryViewController.m */,
				A0FE85C8149CB665007C578B /* ConsulateLocationViewController.h */,
				A0FE85C9149CB665007C578B /* ConsulateLocationViewController.m */,
			);
			name = ViewController;
			sourceTree = "<group>";
		};
		A0FE85BE149CB513007C578B /* Controller */ = {
			isa = PBXGroup;
			children = (
				A0FE85CE149CB744007C578B /* NetworkController.h */,
				A0FE85CF149CB744007C578B /* NetworkController.m */,
				A0FE85CB149CB72A007C578B /* DataController.h */,
				A0FE85CC149CB72A007C578B /* DataController.m */,
			);
			name = Controller;
			sourceTree = "<group>";
		};
		A0FE8619149CE8FA007C578B /* images */ = {
			isa = PBXGroup;
			children = (
				A08627FF14A3711B0075D4BE /* maibBg.png */,
				A086280014A3711B0075D4BE /* maibBg@2x.png */,
				A0CBED0B149DFCD0000C1A6F /* flags */,
				A0FE8622149CF31B007C578B /* splash.png */,
				A0FE8623149CF31B007C578B /* splash@2x.png */,
				A0FE861A149CE8FA007C578B /* icon.png */,
				A0FE861B149CE8FA007C578B /* icon@2x.png */,
				A0FE861C149CE8FA007C578B /* visard.png */,
				A0FE861D149CE8FA007C578B /* visard@2x.png */,
			);
			path = images;
			sourceTree = "<group>";
		};
/* End PBXGroup section */

/* Begin PBXNativeTarget section */
		A0FE8580149C9FEF007C578B /* vc-mobile */ = {
			isa = PBXNativeTarget;
			buildConfigurationList = A0FE85AA149C9FF0007C578B /* Build configuration list for PBXNativeTarget "vc-mobile" */;
			buildPhases = (
				A0FE857D149C9FEF007C578B /* Sources */,
				A0FE857E149C9FEF007C578B /* Frameworks */,
				A0FE857F149C9FEF007C578B /* Resources */,
			);
			buildRules = (
			);
			dependencies = (
			);
			name = "vc-mobile";
			productName = "vc-mobile";
			productReference = A0FE8581149C9FEF007C578B /* vc-mobile.app */;
			productType = "com.apple.product-type.application";
		};
/* End PBXNativeTarget section */

/* Begin PBXProject section */
		A0FE8578149C9FEF007C578B /* Project object */ = {
			isa = PBXProject;
			attributes = {
				LastUpgradeCheck = 0420;
			};
			buildConfigurationList = A0FE857B149C9FEF007C578B /* Build configuration list for PBXProject "vc-mobile" */;
			compatibilityVersion = "Xcode 3.2";
			developmentRegion = English;
			hasScannedForEncodings = 0;
			knownRegions = (
				en,
			);
			mainGroup = A0FE8576149C9FEF007C578B;
			productRefGroup = A0FE8582149C9FEF007C578B /* Products */;
			projectDirPath = "";
			projectRoot = "";
			targets = (
				A0FE8580149C9FEF007C578B /* vc-mobile */,
			);
		};
/* End PBXProject section */

/* Begin PBXResourcesBuildPhase section */
		A0FE857F149C9FEF007C578B /* Resources */ = {
			isa = PBXResourcesBuildPhase;
			buildActionMask = 2147483647;
			files = (
				A0FE8592149C9FEF007C578B /* InfoPlist.strings in Resources */,
				A0FE861E149CE8FA007C578B /* icon.png in Resources */,
				A0FE861F149CE8FA007C578B /* icon@2x.png in Resources */,
				A0FE8620149CE8FA007C578B /* visard.png in Resources */,
				A0FE8621149CE8FA007C578B /* visard@2x.png in Resources */,
				A0FE8624149CF31B007C578B /* splash.png in Resources */,
				A0FE8625149CF31B007C578B /* splash@2x.png in Resources */,
				81A6D04C149D153700D0714A /* CountriesList.json in Resources */,
				A0CBED00149DEBA2000C1A6F /* CountriesList2.json in Resources */,
				A0CBED34149DFCD0000C1A6F /* at.png in Resources */,
				A0CBED35149DFCD0000C1A6F /* at@2x.png in Resources */,
				A0CBED36149DFCD0000C1A6F /* be.png in Resources */,
				A0CBED37149DFCD0000C1A6F /* be@2x.png in Resources */,
				A0CBED38149DFCD0000C1A6F /* by.png in Resources */,
				A0CBED39149DFCD0000C1A6F /* by@2x.png in Resources */,
				A0CBED3A149DFCD0000C1A6F /* cs.png in Resources */,
				A0CBED3B149DFCD0000C1A6F /* cs@2x.png in Resources */,
				A0CBED3C149DFCD0000C1A6F /* cz.png in Resources */,
				A0CBED3D149DFCD0000C1A6F /* cz@2x.png in Resources */,
				A0CBED3E149DFCD0000C1A6F /* de.png in Resources */,
				A0CBED3F149DFCD0000C1A6F /* de@2x.png in Resources */,
				A0CBED40149DFCD0000C1A6F /* ee.png in Resources */,
				A0CBED41149DFCD0000C1A6F /* ee@2x.png in Resources */,
				A0CBED42149DFCD0000C1A6F /* eg.png in Resources */,
				A0CBED43149DFCD0000C1A6F /* eg@2x.png in Resources */,
				A0CBED44149DFCD0000C1A6F /* es.png in Resources */,
				A0CBED45149DFCD0000C1A6F /* es@2x.png in Resources */,
				A0CBED46149DFCD0000C1A6F /* fr.png in Resources */,
				A0CBED47149DFCD0000C1A6F /* fr@2x.png in Resources */,
				A0CBED48149DFCD0000C1A6F /* gb.PNG in Resources */,
				A0CBED49149DFCD0000C1A6F /* gb@2x.PNG in Resources */,
				A0CBED4A149DFCD0000C1A6F /* gr.png in Resources */,
				A0CBED4B149DFCD0000C1A6F /* gr@2x.png in Resources */,
				A0CBED4C149DFCD0000C1A6F /* hu.png in Resources */,
				A0CBED4D149DFCD0000C1A6F /* hu@2x.png in Resources */,
				A0CBED4E149DFCD0000C1A6F /* hw.png in Resources */,
				A0CBED4F149DFCD0000C1A6F /* hw@2x.png in Resources */,
				A0CBED50149DFCD0000C1A6F /* md.png in Resources */,
				A0CBED51149DFCD0000C1A6F /* md@2x.png in Resources */,
				A0CBED52149DFCD0000C1A6F /* pl.png in Resources */,
				A0CBED53149DFCD0000C1A6F /* pl@2x.png in Resources */,
				A0CBED54149DFCD0000C1A6F /* rm.png in Resources */,
				A0CBED55149DFCD0000C1A6F /* rm@2x.png in Resources */,
				A0CBED56149DFCD0000C1A6F /* ru.png in Resources */,
				A0CBED57149DFCD0000C1A6F /* ru@2x.png in Resources */,
				A0CBED58149DFCD0000C1A6F /* si.PNG in Resources */,
				A0CBED59149DFCD0000C1A6F /* si@2x.PNG in Resources */,
				A0CBED5A149DFCD0000C1A6F /* sl.png in Resources */,
				A0CBED5B149DFCD0000C1A6F /* sl@2x.png in Resources */,
				A0CBED5D149DFDC2000C1A6F /* Consulate.json in Resources */,
				A0CBED5F149E1A13000C1A6F /* Requirements.json in Resources */,
				A086280114A3711B0075D4BE /* maibBg.png in Resources */,
				A086280214A3711B0075D4BE /* maibBg@2x.png in Resources */,
			);
			runOnlyForDeploymentPostprocessing = 0;
		};
/* End PBXResourcesBuildPhase section */

/* Begin PBXSourcesBuildPhase section */
		A0FE857D149C9FEF007C578B /* Sources */ = {
			isa = PBXSourcesBuildPhase;
			buildActionMask = 2147483647;
			files = (
				A0FE8594149C9FEF007C578B /* main.m in Sources */,
				A0FE8598149C9FEF007C578B /* AppDelegate.m in Sources */,
				A0FE859B149C9FEF007C578B /* vc_mobile.xcdatamodeld in Sources */,
				A0FE85C1149CB592007C578B /* StartViewController.m in Sources */,
				A0FE85C4149CB5CE007C578B /* CountrySelectorVC.m in Sources */,
				A0FE85C7149CB615007C578B /* CountryViewController.m in Sources */,
				A0FE85CA149CB665007C578B /* ConsulateLocationViewController.m in Sources */,
				A0FE85CD149CB72A007C578B /* DataController.m in Sources */,
				A0FE85D0149CB745007C578B /* NetworkController.m in Sources */,
				81A6D022149CBC0100D0714A /* AFHTTPClient.m in Sources */,
				81A6D023149CBC0100D0714A /* AFHTTPRequestOperation.m in Sources */,
				81A6D024149CBC0100D0714A /* AFImageCache.m in Sources */,
				81A6D025149CBC0100D0714A /* AFImageRequestOperation.m in Sources */,
				81A6D026149CBC0100D0714A /* AFJSONRequestOperation.m in Sources */,
				81A6D027149CBC0100D0714A /* AFNetworkActivityIndicatorManager.m in Sources */,
				81A6D029149CBC0100D0714A /* BSJSONRequestOperation.m in Sources */,
				81A6D02D149CC84000D0714A /* JSONKit.m in Sources */,
				81A6D032149CC8BD00D0714A /* Reachability.m in Sources */,
				81A6D03B149CD58100D0714A /* ColorfulButton.m in Sources */,
				A0FE862C149D158F007C578B /* OverlayViewController.m in Sources */,
				A0FE8651149D3964007C578B /* UISegmentedControl+CustomTintExtension.m in Sources */,
				81A6D08D149E296200D0714A /* Advice.m in Sources */,
				81A6D090149E2A6500D0714A /* User.m in Sources */,
				81A6D096149E2A6500D0714A /* Country.m in Sources */,
				81A6D099149E2A6500D0714A /* Requirement.m in Sources */,
				81A6D09C149E3DC000D0714A /* MyPinAnnotation.m in Sources */,
				81A6D0A4149E43A800D0714A /* Consulate.m in Sources */,
				A08627F514A361FA0075D4BE /* MainViewController.m in Sources */,
			);
			runOnlyForDeploymentPostprocessing = 0;
		};
/* End PBXSourcesBuildPhase section */

/* Begin PBXVariantGroup section */
		A0FE8590149C9FEF007C578B /* InfoPlist.strings */ = {
			isa = PBXVariantGroup;
			children = (
				A0FE8591149C9FEF007C578B /* en */,
			);
			name = InfoPlist.strings;
			sourceTree = "<group>";
		};
/* End PBXVariantGroup section */

/* Begin XCBuildConfiguration section */
		A0FE85A8149C9FF0007C578B /* Debug */ = {
			isa = XCBuildConfiguration;
			buildSettings = {
				ALWAYS_SEARCH_USER_PATHS = NO;
				ARCHS = "$(ARCHS_STANDARD_32_BIT)";
				"CODE_SIGN_IDENTITY[sdk=iphoneos*]" = "iPhone Developer";
				COPY_PHASE_STRIP = NO;
				GCC_C_LANGUAGE_STANDARD = gnu99;
				GCC_DYNAMIC_NO_PIC = NO;
				GCC_OPTIMIZATION_LEVEL = 0;
				GCC_PREPROCESSOR_DEFINITIONS = (
					"DEBUG=1",
					"$(inherited)",
				);
				GCC_SYMBOLS_PRIVATE_EXTERN = NO;
				GCC_VERSION = com.apple.compilers.llvm.clang.1_0;
				GCC_WARN_ABOUT_MISSING_PROTOTYPES = YES;
				GCC_WARN_ABOUT_RETURN_TYPE = YES;
				GCC_WARN_UNUSED_VARIABLE = YES;
				IPHONEOS_DEPLOYMENT_TARGET = 5.0;
				SDKROOT = iphoneos;
			};
			name = Debug;
		};
		A0FE85A9149C9FF0007C578B /* Release */ = {
			isa = XCBuildConfiguration;
			buildSettings = {
				ALWAYS_SEARCH_USER_PATHS = NO;
				ARCHS = "$(ARCHS_STANDARD_32_BIT)";
				"CODE_SIGN_IDENTITY[sdk=iphoneos*]" = "iPhone Developer";
				COPY_PHASE_STRIP = YES;
				GCC_C_LANGUAGE_STANDARD = gnu99;
				GCC_VERSION = com.apple.compilers.llvm.clang.1_0;
				GCC_WARN_ABOUT_MISSING_PROTOTYPES = YES;
				GCC_WARN_ABOUT_RETURN_TYPE = YES;
				GCC_WARN_UNUSED_VARIABLE = YES;
				IPHONEOS_DEPLOYMENT_TARGET = 5.0;
				OTHER_CFLAGS = "-DNS_BLOCK_ASSERTIONS=1";
				SDKROOT = iphoneos;
				VALIDATE_PRODUCT = YES;
			};
			name = Release;
		};
		A0FE85AB149C9FF0007C578B /* Debug */ = {
			isa = XCBuildConfiguration;
			buildSettings = {
				GCC_PRECOMPILE_PREFIX_HEADER = YES;
				GCC_PREFIX_HEADER = "vc-mobile/vc-mobile-Prefix.pch";
				INFOPLIST_FILE = "vc-mobile/vc-mobile-Info.plist";
				PRODUCT_NAME = "$(TARGET_NAME)";
				WRAPPER_EXTENSION = app;
			};
			name = Debug;
		};
		A0FE85AC149C9FF0007C578B /* Release */ = {
			isa = XCBuildConfiguration;
			buildSettings = {
				GCC_PRECOMPILE_PREFIX_HEADER = YES;
				GCC_PREFIX_HEADER = "vc-mobile/vc-mobile-Prefix.pch";
				INFOPLIST_FILE = "vc-mobile/vc-mobile-Info.plist";
				PRODUCT_NAME = "$(TARGET_NAME)";
				WRAPPER_EXTENSION = app;
			};
			name = Release;
		};
/* End XCBuildConfiguration section */

/* Begin XCConfigurationList section */
		A0FE857B149C9FEF007C578B /* Build configuration list for PBXProject "vc-mobile" */ = {
			isa = XCConfigurationList;
			buildConfigurations = (
				A0FE85A8149C9FF0007C578B /* Debug */,
				A0FE85A9149C9FF0007C578B /* Release */,
			);
			defaultConfigurationIsVisible = 0;
			defaultConfigurationName = Release;
		};
		A0FE85AA149C9FF0007C578B /* Build configuration list for PBXNativeTarget "vc-mobile" */ = {
			isa = XCConfigurationList;
			buildConfigurations = (
				A0FE85AB149C9FF0007C578B /* Debug */,
				A0FE85AC149C9FF0007C578B /* Release */,
			);
			defaultConfigurationIsVisible = 0;
			defaultConfigurationName = Release;
		};
/* End XCConfigurationList section */

/* Begin XCVersionGroup section */
		A0FE8599149C9FEF007C578B /* vc_mobile.xcdatamodeld */ = {
			isa = XCVersionGroup;
			children = (
				A0FE859A149C9FEF007C578B /* vc_mobile.xcdatamodel */,
			);
			currentVersion = A0FE859A149C9FEF007C578B /* vc_mobile.xcdatamodel */;
			path = vc_mobile.xcdatamodeld;
			sourceTree = "<group>";
			versionGroupType = wrapper.xcdatamodel;
		};
/* End XCVersionGroup section */
	};
	rootObject = A0FE8578149C9FEF007C578B /* Project object */;
}
